{
  "requires": true,
  "lockfileVersion": 1,
  "dependencies": {
    "jode": {
      "version": "0.0.0",
      "resolved": "https://registry.npmjs.org/jode/-/jode-0.0.0.tgz",
      "integrity": "sha512-m44Dtq7rtMtkruPD2CJs9IppzMIowfgfdRVcwzc40dy/n9hsJMIcgNfxOz+DyuAOX+2llk5qhgiff4aqOMoAaA=="
    },
    "nodejs": {
      "version": "0.0.0",
      "resolved": "https://registry.npmjs.org/nodejs/-/nodejs-0.0.0.tgz",
      "integrity": "sha512-1V+0HwaB/dhxzidEFc4uJ3k52gLI4B6YBZgJIofjwYCSAkD6CI0me6TDBT2QM2nbGWNxCHcq9/wVynzQYZOhUg=="
    }
  }
}
